{
  "name": "stability-copilot-platform",
  "version": "0.1.0",
  "lockfileVersion": 1,
  "requires": true,
  "dependencies": {
    "@ag-ui/client": {
      "version": "https://registry.npmjs.org/@ag-ui/client/-/client-0.0.47.tgz",
      "integrity": "sha512-zciVwYV6gmYzdMyWwSDR/VBcOj5x1lHPG/ZGDKyxDHbCeIdGp7sKoGORKHAiPAsfUhReGLKXsR/4IknqwY2PgQ==",
      "requires": {
        "@ag-ui/core": "0.0.47",
        "@ag-ui/encoder": "0.0.47",
        "@ag-ui/proto": "0.0.47",
        "@types/uuid": "^10.0.0",
        "compare-versions": "^6.1.1",
        "fast-json-patch": "^3.1.1",
        "rxjs": "7.8.1",
        "untruncate-json": "^0.0.1",
        "uuid": "^11.1.0",
        "zod": "^3.22.4"
      }
    },
    "@ag-ui/core": {
      "version": "https://registry.npmjs.org/@ag-ui/core/-/core-0.0.47.tgz",
      "integrity": "sha512-fHat7ZErAH028R90psYclTWaj6PdcvN2GJxzwWPF/j1c5ceqbF2+6xe+t06Psg+gCzZneI9QE3IkOkdJNplZ5A==",
      "requires": {
        "rxjs": "7.8.1",
        "zod": "^3.22.4"
      }
    },
    "@ag-ui/encoder": {
      "version": "0.0.47",
      "resolved": "https://registry.npmjs.org/@ag-ui/encoder/-/encoder-0.0.47.tgz",
      "integrity": "sha512-AgKTM/DEHtaNrcbMa0z1UQ7lKiKtalbFAjBTTP0vCh+lJ6JWIu9LrpCJQ4EjON1IRoAZtJBORlCj1KY+F14HXQ==",
      "requires": {
        "@ag-ui/core": "0.0.47",
        "@ag-ui/proto": "0.0.47"
      }
    },
    "@ag-ui/proto": {
      "version": "0.0.47",
      "resolved": "https://registry.npmjs.org/@ag-ui/proto/-/proto-0.0.47.tgz",
      "integrity": "sha512-+KCrkeVeR6MulWoYUq9Fwm22gFlI9aKG50eKYRtbTM/Yuei/Che5vjbF297XfSnGUunzScrOmdnTeTCprrtb7A==",
      "requires": {
        "@ag-ui/core": "0.0.47",
        "@bufbuild/protobuf": "^2.2.5",
        "@protobuf-ts/protoc": "^2.11.1"
      }
    },
    "@bufbuild/protobuf": {
      "version": "2.11.0",
      "resolved": "https://registry.npmjs.org/@bufbuild/protobuf/-/protobuf-2.11.0.tgz",
      "integrity": "sha512-sBXGT13cpmPR5BMgHE6UEEfEaShh5Ror6rfN3yEK5si7QVrtZg8LEPQb0VVhiLRUslD2yLnXtnRzG035J/mZXQ=="
    },
    "@protobuf-ts/protoc": {
      "version": "2.11.1",
      "resolved": "https://registry.npmjs.org/@protobuf-ts/protoc/-/protoc-2.11.1.tgz",
      "integrity": "sha512-mUZJaV0daGO6HUX90o/atzQ6A7bbN2RSuHtdwo8SSF2Qoe3zHwa4IHyCN1evftTeHfLmdz+45qo47sL+5P8nyg=="
    },
    "@types/uuid": {
      "version": "10.0.0",
      "resolved": "https://registry.npmjs.org/@types/uuid/-/uuid-10.0.0.tgz",
      "integrity": "sha512-7gqG38EyHgyP1S+7+xomFtL+ZNHcKv6DwNaCZmJmo1vgMugyF3TCnXVg4t1uk89mLNwnLtnY3TpOpCOyp1/xHQ=="
    },
    "compare-versions": {
      "version": "6.1.1",
      "resolved": "https://registry.npmjs.org/compare-versions/-/compare-versions-6.1.1.tgz",
      "integrity": "sha512-4hm4VPpIecmlg59CHXnRDnqGplJFrbLG4aFEl5vl6cK1u76ws3LLvX7ikFnTDl5vo39sjWD6AaDPYodJp/NNHg=="
    },
    "fast-json-patch": {
      "version": "3.1.1",
      "resolved": "https://registry.npmjs.org/fast-json-patch/-/fast-json-patch-3.1.1.tgz",
      "integrity": "sha512-vf6IHUX2SBcA+5/+4883dsIjpBTqmfBjmYiWK1savxQmFk4JfBMLa7ynTYOs1Rolp/T1betJxHiGD3g1Mn8lUQ=="
    },
    "rxjs": {
      "version": "7.8.1",
      "resolved": "https://registry.npmjs.org/rxjs/-/rxjs-7.8.1.tgz",
      "integrity": "sha512-AA3TVj+0A2iuIoQkWEK/tqFjBq2j+6PO6Y0zJcvzLAFhEFIO3HL0vls9hWLncZbAAbK0mar7oZ4V079I/qPMxg==",
      "requires": {
        "tslib": "^2.1.0"
      }
    },
    "tslib": {
      "version": "2.8.1",
      "resolved": "https://registry.npmjs.org/tslib/-/tslib-2.8.1.tgz",
      "integrity": "sha512-oJFu94HQb+KVduSUQL7wnpmqnfmLsOA/nAh6b6EH0wCEoK0/mPeXU6c3wKDV83MkOuHPRHtSXKKU99IBazS/2w=="
    },
    "untruncate-json": {
      "version": "0.0.1",
      "resolved": "https://registry.npmjs.org/untruncate-json/-/untruncate-json-0.0.1.tgz",
      "integrity": "sha512-4W9enDK4X1y1s2S/Rz7ysw6kDuMS3VmRjMFg7GZrNO+98OSe+x5Lh7PKYoVjy3lW/1wmhs6HW0lusnQRHgMarA=="
    },
    "uuid": {
      "version": "11.1.0",
      "resolved": "https://registry.npmjs.org/uuid/-/uuid-11.1.0.tgz",
      "integrity": "sha512-0/A9rDy9P7cJ+8w1c9WD9V//9Wj15Ce2MPz8Ri6032usz+NfePxx5AcN3bN+r6ZL6jEo066/yNYB3tn4pQEx+A=="
    },
    "zod": {
      "version": "3.25.76",
      "resolved": "https://registry.npmjs.org/zod/-/zod-3.25.76.tgz",
      "integrity": "sha512-gzUt/qt81nXsFGKIFcC3YnfEAx5NkunCfnDlvuBSSFS02bcXu4Lmea0AFIUwbLWxWPx3d9p8S5QoaujKcNQxcQ=="
    }
  }
}
